
Microsoft Visual Studio Solution File, Format Version 12.00
# Visual Studio Version 16
VisualStudioVersion = 16.0.30717.126
MinimumVisualStudioVersion = 10.0.40219.1
Project("{FAE04EC0-301F-11D3-BF4B-00C04F79EFBC}") = "StersTransport", "StersTransport.csproj", "{99DEDED6-49AF-4AC2-B45A-7115A14882B3}"
EndProject
Global
	GlobalSection(SolutionConfigurationPlatforms) = preSolution
		Debug|Any CPU = Debug|Any CPU
		Release|Any CPU = Release|Any CPU
	EndGlobalSection
	GlobalSection(ProjectConfigurationPlatforms) = postSolution
		{99DEDED6-49AF-4AC2-B45A-7115A14882B3}.Debug|Any CPU.ActiveCfg = Debug|Any CPU
		{99DEDED6-49AF-4AC2-B45A-7115A14882B3}.Debug|Any CPU.Build.0 = Debug|Any CPU
		{99DEDED6-49AF-4AC2-B45A-7115A14882B3}.Release|Any CPU.ActiveCfg = Release|Any CPU
		{99DEDED6-49AF-4AC2-B45A-7115A14882B3}.Release|Any CPU.Build.0 = Release|Any CPU
	EndGlobalSection
	GlobalSection(SolutionProperties) = preSolution
		HideSolutionNode = FALSE
	EndGlobalSection
	GlobalSection(ExtensibilityGlobals) = postSolution
		SolutionGuid = {54410578-2F7A-4AD0-9993-ED4A4CD403DA}
	EndGlobalSection
EndGlobal
